dependencies:
- name: cassandra
  repository: file://../cassandra
  version: 0.0.2
- name: elasticsearch
  repository: https://charts.bitnami.com/bitnami
  version: 20.0.4
- name: kafka
  repository: https://charts.bitnami.com/bitnami
  version: 26.6.2
- name: common
  repository: https://charts.bitnami.com/bitnami
  version: 2.19.2
digest: sha256:81ac43ef81b9176aedc906f77a376186cf3a5b9a606f775645511e074459a66a
generated: "2024-05-10T15:25:38.282401847-03:00"
